
Microsoft Visual Studio Solution File, Format Version 12.00
# Visual Studio Version 17
VisualStudioVersion = 17.0.31903.59
MinimumVisualStudioVersion = 10.0.40219.1
Project("{FAE04EC0-301F-11D3-BF4B-00C04F79EFBC}") = "JiaoMaCupScoreRecorder.Server", "JiaoMaCupScoreRecorder.Server\JiaoMaCupScoreRecorder.Server.csproj", "{2D235B4A-6211-4A6E-87D7-3B0330627A5B}"
EndProject
Global
	GlobalSection(SolutionConfigurationPlatforms) = preSolution
		Debug|Any CPU = Debug|Any CPU
		Release|Any CPU = Release|Any CPU
	EndGlobalSection
	GlobalSection(ProjectConfigurationPlatforms) = postSolution
		{2D235B4A-6211-4A6E-87D7-3B0330627A5B}.Debug|Any CPU.ActiveCfg = Debug|Any CPU
		{2D235B4A-6211-4A6E-87D7-3B0330627A5B}.Debug|Any CPU.Build.0 = Debug|Any CPU
		{2D235B4A-6211-4A6E-87D7-3B0330627A5B}.Release|Any CPU.ActiveCfg = Release|Any CPU
		{2D235B4A-6211-4A6E-87D7-3B0330627A5B}.Release|Any CPU.Build.0 = Release|Any CPU
	EndGlobalSection
	GlobalSection(SolutionProperties) = preSolution
		HideSolutionNode = FALSE
	EndGlobalSection
	GlobalSection(ExtensibilityGlobals) = postSolution
		SolutionGuid = {CFA7E58F-50E0-4533-B2F9-4A3441E76B1F}
	EndGlobalSection
EndGlobal
